
Microsoft Visual Studio Solution File, Format Version 12.00
# Visual Studio Version 17
VisualStudioVersion = 17.6.33723.286
MinimumVisualStudioVersion = 10.0.40219.1
Project("{FAE04EC0-301F-11D3-BF4B-00C04F79EFBC}") = "SistemaNomina", "SistemaNomina.csproj", "{BE5E6F48-7DC3-4ED5-8192-E8DFB9ECBF3B}"
EndProject
Global
	GlobalSection(SolutionConfigurationPlatforms) = preSolution
		Debug|Any CPU = Debug|Any CPU
		Release|Any CPU = Release|Any CPU
	EndGlobalSection
	GlobalSection(ProjectConfigurationPlatforms) = postSolution
		{BE5E6F48-7DC3-4ED5-8192-E8DFB9ECBF3B}.Debug|Any CPU.ActiveCfg = Debug|Any CPU
		{BE5E6F48-7DC3-4ED5-8192-E8DFB9ECBF3B}.Debug|Any CPU.Build.0 = Debug|Any CPU
		{BE5E6F48-7DC3-4ED5-8192-E8DFB9ECBF3B}.Release|Any CPU.ActiveCfg = Release|Any CPU
		{BE5E6F48-7DC3-4ED5-8192-E8DFB9ECBF3B}.Release|Any CPU.Build.0 = Release|Any CPU
	EndGlobalSection
	GlobalSection(SolutionProperties) = preSolution
		HideSolutionNode = FALSE
	EndGlobalSection
	GlobalSection(ExtensibilityGlobals) = postSolution
		SolutionGuid = {A5FF6CD6-50D1-4ABB-8C6F-2588E8B725FD}
	EndGlobalSection
EndGlobal
